
Microsoft Visual Studio Solution File, Format Version 12.00
# Visual Studio Version 17
VisualStudioVersion = 17.10.34928.147
MinimumVisualStudioVersion = 10.0.40219.1
Project("{9A19103F-16F7-4668-BE54-9A1E7A4F7556}") = "SignalRApi", "SignalRApi\SignalRApi.csproj", "{A07ACC69-0B08-452A-B856-38513E88A5D2}"
EndProject
Project("{9A19103F-16F7-4668-BE54-9A1E7A4F7556}") = "SignalRWebUI", "SignalRWebUI\SignalRWebUI.csproj", "{DC8E6EC8-11CD-407B-B7F4-DDCF4D782223}"
EndProject
Project("{9A19103F-16F7-4668-BE54-9A1E7A4F7556}") = "SignalR.EntityLayer", "SignalR.EntityLayer\SignalR.EntityLayer.csproj", "{02C5E016-3D33-4AC5-BCC9-A990B10DE668}"
EndProject
Project("{FAE04EC0-301F-11D3-BF4B-00C04F79EFBC}") = "SignalR.DataAccessLayer", "SignalR.DataAccessLayer\SignalR.DataAccessLayer.csproj", "{58DB0305-6712-41A0-A237-B7C9190C99AD}"
EndProject
Project("{FAE04EC0-301F-11D3-BF4B-00C04F79EFBC}") = "SignalR.DtoLayer", "SignalR.DtoLayer\SignalR.DtoLayer.csproj", "{7C00F8F4-A0FF-4D1B-A5D0-A75AC99C4D20}"
EndProject
Project("{FAE04EC0-301F-11D3-BF4B-00C04F79EFBC}") = "SignalR.BusinessLayer", "SignalR.BusinessLayer\SignalR.BusinessLayer.csproj", "{83598AFC-2865-4B06-B9BC-27EAB7E29250}"
EndProject
Global
	GlobalSection(SolutionConfigurationPlatforms) = preSolution
		Debug|Any CPU = Debug|Any CPU
		Release|Any CPU = Release|Any CPU
	EndGlobalSection
	GlobalSection(ProjectConfigurationPlatforms) = postSolution
		{A07ACC69-0B08-452A-B856-38513E88A5D2}.Debug|Any CPU.ActiveCfg = Debug|Any CPU
		{A07ACC69-0B08-452A-B856-38513E88A5D2}.Debug|Any CPU.Build.0 = Debug|Any CPU
		{A07ACC69-0B08-452A-B856-38513E88A5D2}.Release|Any CPU.ActiveCfg = Release|Any CPU
		{A07ACC69-0B08-452A-B856-38513E88A5D2}.Release|Any CPU.Build.0 = Release|Any CPU
		{DC8E6EC8-11CD-407B-B7F4-DDCF4D782223}.Debug|Any CPU.ActiveCfg = Debug|Any CPU
		{DC8E6EC8-11CD-407B-B7F4-DDCF4D782223}.Debug|Any CPU.Build.0 = Debug|Any CPU
		{DC8E6EC8-11CD-407B-B7F4-DDCF4D782223}.Release|Any CPU.ActiveCfg = Release|Any CPU
		{DC8E6EC8-11CD-407B-B7F4-DDCF4D782223}.Release|Any CPU.Build.0 = Release|Any CPU
		{02C5E016-3D33-4AC5-BCC9-A990B10DE668}.Debug|Any CPU.ActiveCfg = Debug|Any CPU
		{02C5E016-3D33-4AC5-BCC9-A990B10DE668}.Debug|Any CPU.Build.0 = Debug|Any CPU
		{02C5E016-3D33-4AC5-BCC9-A990B10DE668}.Release|Any CPU.ActiveCfg = Release|Any CPU
		{02C5E016-3D33-4AC5-BCC9-A990B10DE668}.Release|Any CPU.Build.0 = Release|Any CPU
		{58DB0305-6712-41A0-A237-B7C9190C99AD}.Debug|Any CPU.ActiveCfg = Debug|Any CPU
		{58DB0305-6712-41A0-A237-B7C9190C99AD}.Debug|Any CPU.Build.0 = Debug|Any CPU
		{58DB0305-6712-41A0-A237-B7C9190C99AD}.Release|Any CPU.ActiveCfg = Release|Any CPU
		{58DB0305-6712-41A0-A237-B7C9190C99AD}.Release|Any CPU.Build.0 = Release|Any CPU
		{7C00F8F4-A0FF-4D1B-A5D0-A75AC99C4D20}.Debug|Any CPU.ActiveCfg = Debug|Any CPU
		{7C00F8F4-A0FF-4D1B-A5D0-A75AC99C4D20}.Debug|Any CPU.Build.0 = Debug|Any CPU
		{7C00F8F4-A0FF-4D1B-A5D0-A75AC99C4D20}.Release|Any CPU.ActiveCfg = Release|Any CPU
		{7C00F8F4-A0FF-4D1B-A5D0-A75AC99C4D20}.Release|Any CPU.Build.0 = Release|Any CPU
		{83598AFC-2865-4B06-B9BC-27EAB7E29250}.Debug|Any CPU.ActiveCfg = Debug|Any CPU
		{83598AFC-2865-4B06-B9BC-27EAB7E29250}.Debug|Any CPU.Build.0 = Debug|Any CPU
		{83598AFC-2865-4B06-B9BC-27EAB7E29250}.Release|Any CPU.ActiveCfg = Release|Any CPU
		{83598AFC-2865-4B06-B9BC-27EAB7E29250}.Release|Any CPU.Build.0 = Release|Any CPU
	EndGlobalSection
	GlobalSection(SolutionProperties) = preSolution
		HideSolutionNode = FALSE
	EndGlobalSection
	GlobalSection(ExtensibilityGlobals) = postSolution
		SolutionGuid = {0A2EAA4C-3534-4C08-B4E2-9D2C4A01DB23}
	EndGlobalSection
EndGlobal
